
Microsoft Visual Studio Solution File, Format Version 12.00
# Visual Studio 15
VisualStudioVersion = 15.0.28307.106
MinimumVisualStudioVersion = 10.0.40219.1
Project("{FAE04EC0-301F-11D3-BF4B-00C04F79EFBC}") = "SVTApp", "WindowsFormsApp1\SVTApp.csproj", "{AF4F32A7-7879-4A8C-81CA-8E18848F2F3E}"
EndProject
Global
	GlobalSection(SolutionConfigurationPlatforms) = preSolution
		Debug|Any CPU = Debug|Any CPU
		Release|Any CPU = Release|Any CPU
	EndGlobalSection
	GlobalSection(ProjectConfigurationPlatforms) = postSolution
		{AF4F32A7-7879-4A8C-81CA-8E18848F2F3E}.Debug|Any CPU.ActiveCfg = Debug|Any CPU
		{AF4F32A7-7879-4A8C-81CA-8E18848F2F3E}.Debug|Any CPU.Build.0 = Debug|Any CPU
		{AF4F32A7-7879-4A8C-81CA-8E18848F2F3E}.Release|Any CPU.ActiveCfg = Release|Any CPU
		{AF4F32A7-7879-4A8C-81CA-8E18848F2F3E}.Release|Any CPU.Build.0 = Release|Any CPU
	EndGlobalSection
	GlobalSection(SolutionProperties) = preSolution
		HideSolutionNode = FALSE
	EndGlobalSection
	GlobalSection(ExtensibilityGlobals) = postSolution
		SolutionGuid = {EB4802E9-433F-434C-8144-8BECC885FDD2}
	EndGlobalSection
EndGlobal
